{
    "version": "0.5",
    "requires": [
        "boost-ext-ut/2.0.0#446a4f0f4d172adf9326eef83681b457%1696889034.707",
        "approvaltests.cpp/10.12.2#67630d974505426cc69a7fa51e298b40%1679259416.037"
    ],
    "build_requires": [
        "cmake/3.27.7#6e11610a238b9292dffda14c34bb53e6%1696774949.5"
    ],
    "python_requires": []
}